// !$*UTF8*$!
{
	archiveVersion = 1;
	classes = {
	};
	objectVersion = 56;
	objects = {

/* Begin PBXBuildFile section */
		E619DD872AAB6D9300844E78 /* NewsScreen.swift in Sources */ = {isa = PBXBuildFile; fileRef = E619DD862AAB6D9300844E78 /* NewsScreen.swift */; };
		E63D68B22AA9C4F100993ACF /* SportsOpeningScreen.swift in Sources */ = {isa = PBXBuildFile; fileRef = E63D68B12AA9C4F100993ACF /* SportsOpeningScreen.swift */; };
		E63D68B92AAB647000993ACF /* NewsApiNetworking in Frameworks */ = {isa = PBXBuildFile; productRef = E63D68B82AAB647000993ACF /* NewsApiNetworking */; };
		E68AA9B22AA5E4DA00FFD191 /* ThirdScreen.swift in Sources */ = {isa = PBXBuildFile; fileRef = E68AA9B12AA5E4DA00FFD191 /* ThirdScreen.swift */; };
		E6A329782AA77CE300C420F7 /* TextView + Extention.swift in Sources */ = {isa = PBXBuildFile; fileRef = E6A329772AA77CE300C420F7 /* TextView + Extention.swift */; };
		E6F413362AA1084E003CE028 /* Nav3108App.swift in Sources */ = {isa = PBXBuildFile; fileRef = E6F413352AA1084E003CE028 /* Nav3108App.swift */; };
		E6F413382AA1084E003CE028 /* ContentView.swift in Sources */ = {isa = PBXBuildFile; fileRef = E6F413372AA1084E003CE028 /* ContentView.swift */; };
		E6F4133A2AA10850003CE028 /* Assets.xcassets in Resources */ = {isa = PBXBuildFile; fileRef = E6F413392AA10850003CE028 /* Assets.xcassets */; };
		E6F4133D2AA10850003CE028 /* Preview Assets.xcassets in Resources */ = {isa = PBXBuildFile; fileRef = E6F4133C2AA10850003CE028 /* Preview Assets.xcassets */; };
		E6F413442AA10950003CE028 /* FirstScreen.swift in Sources */ = {isa = PBXBuildFile; fileRef = E6F413432AA10950003CE028 /* FirstScreen.swift */; };
		E6F413482AA10E42003CE028 /* SecondScreen.swift in Sources */ = {isa = PBXBuildFile; fileRef = E6F413472AA10E42003CE028 /* SecondScreen.swift */; };
		E6F4134A2AA10FFA003CE028 /* OpeningScreen.swift in Sources */ = {isa = PBXBuildFile; fileRef = E6F413492AA10FFA003CE028 /* OpeningScreen.swift */; };
/* End PBXBuildFile section */

/* Begin PBXFileReference section */
		E619DD862AAB6D9300844E78 /* NewsScreen.swift */ = {isa = PBXFileReference; lastKnownFileType = sourcecode.swift; path = NewsScreen.swift; sourceTree = "<group>"; };
		E63D68B12AA9C4F100993ACF /* SportsOpeningScreen.swift */ = {isa = PBXFileReference; lastKnownFileType = sourcecode.swift; path = SportsOpeningScreen.swift; sourceTree = "<group>"; };
		E63D68BA2AAB6C8200993ACF /* NewsApiNetworking */ = {isa = PBXFileReference; lastKnownFileType = wrapper; path = NewsApiNetworking; sourceTree = "<group>"; };
		E68AA9B12AA5E4DA00FFD191 /* ThirdScreen.swift */ = {isa = PBXFileReference; lastKnownFileType = sourcecode.swift; path = ThirdScreen.swift; sourceTree = "<group>"; };
		E6A329772AA77CE300C420F7 /* TextView + Extention.swift */ = {isa = PBXFileReference; lastKnownFileType = sourcecode.swift; path = "TextView + Extention.swift"; sourceTree = "<group>"; };
		E6F413322AA1084E003CE028 /* Nav3108.app */ = {isa = PBXFileReference; explicitFileType = wrapper.application; includeInIndex = 0; path = Nav3108.app; sourceTree = BUILT_PRODUCTS_DIR; };
		E6F413352AA1084E003CE028 /* Nav3108App.swift */ = {isa = PBXFileReference; lastKnownFileType = sourcecode.swift; path = Nav3108App.swift; sourceTree = "<group>"; };
		E6F413372AA1084E003CE028 /* ContentView.swift */ = {isa = PBXFileReference; lastKnownFileType = sourcecode.swift; path = ContentView.swift; sourceTree = "<group>"; };
		E6F413392AA10850003CE028 /* Assets.xcassets */ = {isa = PBXFileReference; lastKnownFileType = folder.assetcatalog; path = Assets.xcassets; sourceTree = "<group>"; };
		E6F4133C2AA10850003CE028 /* Preview Assets.xcassets */ = {isa = PBXFileReference; lastKnownFileType = folder.assetcatalog; path = "Preview Assets.xcassets"; sourceTree = "<group>"; };
		E6F413432AA10950003CE028 /* FirstScreen.swift */ = {isa = PBXFileReference; lastKnownFileType = sourcecode.swift; path = FirstScreen.swift; sourceTree = "<group>"; };
		E6F413472AA10E42003CE028 /* SecondScreen.swift */ = {isa = PBXFileReference; lastKnownFileType = sourcecode.swift; path = SecondScreen.swift; sourceTree = "<group>"; };
		E6F413492AA10FFA003CE028 /* OpeningScreen.swift */ = {isa = PBXFileReference; lastKnownFileType = sourcecode.swift; path = OpeningScreen.swift; sourceTree = "<group>"; };
/* End PBXFileReference section */

/* Begin PBXFrameworksBuildPhase section */
		E6F4132F2AA1084E003CE028 /* Frameworks */ = {
			isa = PBXFrameworksBuildPhase;
			buildActionMask = 2147483647;
			files = (
				E63D68B92AAB647000993ACF /* NewsApiNetworking in Frameworks */,
			);
			runOnlyForDeploymentPostprocessing = 0;
		};
/* End PBXFrameworksBuildPhase section */

/* Begin PBXGroup section */
		E63D68B72AAB646F00993ACF /* Frameworks */ = {
			isa = PBXGroup;
			children = (
			);
			name = Frameworks;
			sourceTree = "<group>";
		};
		E6F413292AA1084E003CE028 = {
			isa = PBXGroup;
			children = (
				E6F413342AA1084E003CE028 /* Nav3108 */,
				E6F413332AA1084E003CE028 /* Products */,
				E63D68B72AAB646F00993ACF /* Frameworks */,
			);
			sourceTree = "<group>";
		};
		E6F413332AA1084E003CE028 /* Products */ = {
			isa = PBXGroup;
			children = (
				E6F413322AA1084E003CE028 /* Nav3108.app */,
			);
			name = Products;
			sourceTree = "<group>";
		};
		E6F413342AA1084E003CE028 /* Nav3108 */ = {
			isa = PBXGroup;
			children = (
				E63D68BA2AAB6C8200993ACF /* NewsApiNetworking */,
				E6F413352AA1084E003CE028 /* Nav3108App.swift */,
				E6F413372AA1084E003CE028 /* ContentView.swift */,
				E6F413472AA10E42003CE028 /* SecondScreen.swift */,
				E6F413432AA10950003CE028 /* FirstScreen.swift */,
				E68AA9B12AA5E4DA00FFD191 /* ThirdScreen.swift */,
				E6A329772AA77CE300C420F7 /* TextView + Extention.swift */,
				E6F413492AA10FFA003CE028 /* OpeningScreen.swift */,
				E63D68B12AA9C4F100993ACF /* SportsOpeningScreen.swift */,
				E6F413392AA10850003CE028 /* Assets.xcassets */,
				E6F4133B2AA10850003CE028 /* Preview Content */,
				E619DD862AAB6D9300844E78 /* NewsScreen.swift */,
			);
			path = Nav3108;
			sourceTree = "<group>";
		};
		E6F4133B2AA10850003CE028 /* Preview Content */ = {
			isa = PBXGroup;
			children = (
				E6F4133C2AA10850003CE028 /* Preview Assets.xcassets */,
			);
			path = "Preview Content";
			sourceTree = "<group>";
		};
/* End PBXGroup section */

/* Begin PBXNativeTarget section */
		E6F413312AA1084E003CE028 /* Nav3108 */ = {
			isa = PBXNativeTarget;
			buildConfigurationList = E6F413402AA10850003CE028 /* Build configuration list for PBXNativeTarget "Nav3108" */;
			buildPhases = (
				E6F4132E2AA1084E003CE028 /* Sources */,
				E6F4132F2AA1084E003CE028 /* Frameworks */,
				E6F413302AA1084E003CE028 /* Resources */,
			);
			buildRules = (
			);
			dependencies = (
			);
			name = Nav3108;
			packageProductDependencies = (
				E63D68B82AAB647000993ACF /* NewsApiNetworking */,
			);
			productName = Nav3108;
			productReference = E6F413322AA1084E003CE028 /* Nav3108.app */;
			productType = "com.apple.product-type.application";
		};
/* End PBXNativeTarget section */

/* Begin PBXProject section */
		E6F4132A2AA1084E003CE028 /* Project object */ = {
			isa = PBXProject;
			attributes = {
				BuildIndependentTargetsInParallel = 1;
				LastSwiftUpdateCheck = 1430;
				LastUpgradeCheck = 1430;
				TargetAttributes = {
					E6F413312AA1084E003CE028 = {
						CreatedOnToolsVersion = 14.3.1;
					};
				};
			};
			buildConfigurationList = E6F4132D2AA1084E003CE028 /* Build configuration list for PBXProject "Nav3108" */;
			compatibilityVersion = "Xcode 14.0";
			developmentRegion = en;
			hasScannedForEncodings = 0;
			knownRegions = (
				en,
				Base,
			);
			mainGroup = E6F413292AA1084E003CE028;
			productRefGroup = E6F413332AA1084E003CE028 /* Products */;
			projectDirPath = "";
			projectRoot = "";
			targets = (
				E6F413312AA1084E003CE028 /* Nav3108 */,
			);
		};
/* End PBXProject section */

/* Begin PBXResourcesBuildPhase section */
		E6F413302AA1084E003CE028 /* Resources */ = {
			isa = PBXResourcesBuildPhase;
			buildActionMask = 2147483647;
			files = (
				E6F4133D2AA10850003CE028 /* Preview Assets.xcassets in Resources */,
				E6F4133A2AA10850003CE028 /* Assets.xcassets in Resources */,
			);
			runOnlyForDeploymentPostprocessing = 0;
		};
/* End PBXResourcesBuildPhase section */

/* Begin PBXSourcesBuildPhase section */
		E6F4132E2AA1084E003CE028 /* Sources */ = {
			isa = PBXSourcesBuildPhase;
			buildActionMask = 2147483647;
			files = (
				E6F4134A2AA10FFA003CE028 /* OpeningScreen.swift in Sources */,
				E6F413382AA1084E003CE028 /* ContentView.swift in Sources */,
				E619DD872AAB6D9300844E78 /* NewsScreen.swift in Sources */,
				E6F413362AA1084E003CE028 /* Nav3108App.swift in Sources */,
				E68AA9B22AA5E4DA00FFD191 /* ThirdScreen.swift in Sources */,
				E6A329782AA77CE300C420F7 /* TextView + Extention.swift in Sources */,
				E6F413442AA10950003CE028 /* FirstScreen.swift in Sources */,
				E6F413482AA10E42003CE028 /* SecondScreen.swift in Sources */,
				E63D68B22AA9C4F100993ACF /* SportsOpeningScreen.swift in Sources */,
			);
			runOnlyForDeploymentPostprocessing = 0;
		};
/* End PBXSourcesBuildPhase section */

/* Begin XCBuildConfiguration section */
		E6F4133E2AA10850003CE028 /* Debug */ = {
			isa = XCBuildConfiguration;
			buildSettings = {
				ALWAYS_SEARCH_USER_PATHS = NO;
				CLANG_ANALYZER_NONNULL = YES;
				CLANG_ANALYZER_NUMBER_OBJECT_CONVERSION = YES_AGGRESSIVE;
				CLANG_CXX_LANGUAGE_STANDARD = "gnu++20";
				CLANG_ENABLE_MODULES = YES;
				CLANG_ENABLE_OBJC_ARC = YES;
				CLANG_ENABLE_OBJC_WEAK = YES;
				CLANG_WARN_BLOCK_CAPTURE_AUTORELEASING = YES;
				CLANG_WARN_BOOL_CONVERSION = YES;
				CLANG_WARN_COMMA = YES;
				CLANG_WARN_CONSTANT_CONVERSION = YES;
				CLANG_WARN_DEPRECATED_OBJC_IMPLEMENTATIONS = YES;
				CLANG_WARN_DIRECT_OBJC_ISA_USAGE = YES_ERROR;
				CLANG_WARN_DOCUMENTATION_COMMENTS = YES;
				CLANG_WARN_EMPTY_BODY = YES;
				CLANG_WARN_ENUM_CONVERSION = YES;
				CLANG_WARN_INFINITE_RECURSION = YES;
				CLANG_WARN_INT_CONVERSION = YES;
				CLANG_WARN_NON_LITERAL_NULL_CONVERSION = YES;
				CLANG_WARN_OBJC_IMPLICIT_RETAIN_SELF = YES;
				CLANG_WARN_OBJC_LITERAL_CONVERSION = YES;
				CLANG_WARN_OBJC_ROOT_CLASS = YES_ERROR;
				CLANG_WARN_QUOTED_INCLUDE_IN_FRAMEWORK_HEADER = YES;
				CLANG_WARN_RANGE_LOOP_ANALYSIS = YES;
				CLANG_WARN_STRICT_PROTOTYPES = YES;
				CLANG_WARN_SUSPICIOUS_MOVE = YES;
				CLANG_WARN_UNGUARDED_AVAILABILITY = YES_AGGRESSIVE;
				CLANG_WARN_UNREACHABLE_CODE = YES;
				CLANG_WARN__DUPLICATE_METHOD_MATCH = YES;
				COPY_PHASE_STRIP = NO;
				DEBUG_INFORMATION_FORMAT = dwarf;
				ENABLE_STRICT_OBJC_MSGSEND = YES;
				ENABLE_TESTABILITY = YES;
				GCC_C_LANGUAGE_STANDARD = gnu11;
				GCC_DYNAMIC_NO_PIC = NO;
				GCC_NO_COMMON_BLOCKS = YES;
				GCC_OPTIMIZATION_LEVEL = 0;
				GCC_PREPROCESSOR_DEFINITIONS = (
					"DEBUG=1",
					"$(inherited)",
				);
				GCC_WARN_64_TO_32_BIT_CONVERSION = YES;
				GCC_WARN_ABOUT_RETURN_TYPE = YES_ERROR;
				GCC_WARN_UNDECLARED_SELECTOR = YES;
				GCC_WARN_UNINITIALIZED_AUTOS = YES_AGGRESSIVE;
				GCC_WARN_UNUSED_FUNCTION = YES;
				GCC_WARN_UNUSED_VARIABLE = YES;
				IPHONEOS_DEPLOYMENT_TARGET = 16.4;
				MTL_ENABLE_DEBUG_INFO = INCLUDE_SOURCE;
				MTL_FAST_MATH = YES;
				ONLY_ACTIVE_ARCH = YES;
				SDKROOT = iphoneos;
				SWIFT_ACTIVE_COMPILATION_CONDITIONS = DEBUG;
				SWIFT_OPTIMIZATION_LEVEL = "-Onone";
			};
			name = Debug;
		};
		E6F4133F2AA10850003CE028 /* Release */ = {
			isa = XCBuildConfiguration;
			buildSettings = {
				ALWAYS_SEARCH_USER_PATHS = NO;
				CLANG_ANALYZER_NONNULL = YES;
				CLANG_ANALYZER_NUMBER_OBJECT_CONVERSION = YES_AGGRESSIVE;
				CLANG_CXX_LANGUAGE_STANDARD = "gnu++20";
				CLANG_ENABLE_MODULES = YES;
				CLANG_ENABLE_OBJC_ARC = YES;
				CLANG_ENABLE_OBJC_WEAK = YES;
				CLANG_WARN_BLOCK_CAPTURE_AUTORELEASING = YES;
				CLANG_WARN_BOOL_CONVERSION = YES;
				CLANG_WARN_COMMA = YES;
				CLANG_WARN_CONSTANT_CONVERSION = YES;
				CLANG_WARN_DEPRECATED_OBJC_IMPLEMENTATIONS = YES;
				CLANG_WARN_DIRECT_OBJC_ISA_USAGE = YES_ERROR;
				CLANG_WARN_DOCUMENTATION_COMMENTS = YES;
				CLANG_WARN_EMPTY_BODY = YES;
				CLANG_WARN_ENUM_CONVERSION = YES;
				CLANG_WARN_INFINITE_RECURSION = YES;
				CLANG_WARN_INT_CONVERSION = YES;
				CLANG_WARN_NON_LITERAL_NULL_CONVERSION = YES;
				CLANG_WARN_OBJC_IMPLICIT_RETAIN_SELF = YES;
				CLANG_WARN_OBJC_LITERAL_CONVERSION = YES;
				CLANG_WARN_OBJC_ROOT_CLASS = YES_ERROR;
				CLANG_WARN_QUOTED_INCLUDE_IN_FRAMEWORK_HEADER = YES;
				CLANG_WARN_RANGE_LOOP_ANALYSIS = YES;
				CLANG_WARN_STRICT_PROTOTYPES = YES;
				CLANG_WARN_SUSPICIOUS_MOVE = YES;
				CLANG_WARN_UNGUARDED_AVAILABILITY = YES_AGGRESSIVE;
				CLANG_WARN_UNREACHABLE_CODE = YES;
				CLANG_WARN__DUPLICATE_METHOD_MATCH = YES;
				COPY_PHASE_STRIP = NO;
				DEBUG_INFORMATION_FORMAT = "dwarf-with-dsym";
				ENABLE_NS_ASSERTIONS = NO;
				ENABLE_STRICT_OBJC_MSGSEND = YES;
				GCC_C_LANGUAGE_STANDARD = gnu11;
				GCC_NO_COMMON_BLOCKS = YES;
				GCC_WARN_64_TO_32_BIT_CONVERSION = YES;
				GCC_WARN_ABOUT_RETURN_TYPE = YES_ERROR;
				GCC_WARN_UNDECLARED_SELECTOR = YES;
				GCC_WARN_UNINITIALIZED_AUTOS = YES_AGGRESSIVE;
				GCC_WARN_UNUSED_FUNCTION = YES;
				GCC_WARN_UNUSED_VARIABLE = YES;
				IPHONEOS_DEPLOYMENT_TARGET = 16.4;
				MTL_ENABLE_DEBUG_INFO = NO;
				MTL_FAST_MATH = YES;
				SDKROOT = iphoneos;
				SWIFT_COMPILATION_MODE = wholemodule;
				SWIFT_OPTIMIZATION_LEVEL = "-O";
				VALIDATE_PRODUCT = YES;
			};
			name = Release;
		};
		E6F413412AA10850003CE028 /* Debug */ = {
			isa = XCBuildConfiguration;
			buildSettings = {
				ASSETCATALOG_COMPILER_APPICON_NAME = AppIcon;
				ASSETCATALOG_COMPILER_GLOBAL_ACCENT_COLOR_NAME = AccentColor;
				CODE_SIGN_STYLE = Automatic;
				CURRENT_PROJECT_VERSION = 1;
				DEVELOPMENT_ASSET_PATHS = "\"Nav3108/Preview Content\"";
				DEVELOPMENT_TEAM = YBV6PH8MLQ;
				ENABLE_PREVIEWS = YES;
				GENERATE_INFOPLIST_FILE = YES;
				INFOPLIST_KEY_UIApplicationSceneManifest_Generation = YES;
				INFOPLIST_KEY_UIApplicationSupportsIndirectInputEvents = YES;
				INFOPLIST_KEY_UILaunchScreen_Generation = YES;
				INFOPLIST_KEY_UISupportedInterfaceOrientations_iPad = "UIInterfaceOrientationPortrait UIInterfaceOrientationPortraitUpsideDown UIInterfaceOrientationLandscapeLeft UIInterfaceOrientationLandscapeRight";
				INFOPLIST_KEY_UISupportedInterfaceOrientations_iPhone = "UIInterfaceOrientationPortrait UIInterfaceOrientationLandscapeLeft UIInterfaceOrientationLandscapeRight";
				IPHONEOS_DEPLOYMENT_TARGET = 16.0;
				LD_RUNPATH_SEARCH_PATHS = (
					"$(inherited)",
					"@executable_path/Frameworks",
				);
				MARKETING_VERSION = 1.0;
				PRODUCT_BUNDLE_IDENTIFIER = ru.Nav3108;
				PRODUCT_NAME = "$(TARGET_NAME)";
				SUPPORTED_PLATFORMS = "iphoneos iphonesimulator";
				SUPPORTS_MACCATALYST = NO;
				SUPPORTS_MAC_DESIGNED_FOR_IPHONE_IPAD = NO;
				SWIFT_EMIT_LOC_STRINGS = YES;
				SWIFT_VERSION = 5.0;
				TARGETED_DEVICE_FAMILY = 1;
			};
			name = Debug;
		};
		E6F413422AA10850003CE028 /* Release */ = {
			isa = XCBuildConfiguration;
			buildSettings = {
				ASSETCATALOG_COMPILER_APPICON_NAME = AppIcon;
				ASSETCATALOG_COMPILER_GLOBAL_ACCENT_COLOR_NAME = AccentColor;
				CODE_SIGN_STYLE = Automatic;
				CURRENT_PROJECT_VERSION = 1;
				DEVELOPMENT_ASSET_PATHS = "\"Nav3108/Preview Content\"";
				DEVELOPMENT_TEAM = YBV6PH8MLQ;
				ENABLE_PREVIEWS = YES;
				GENERATE_INFOPLIST_FILE = YES;
				INFOPLIST_KEY_UIApplicationSceneManifest_Generation = YES;
				INFOPLIST_KEY_UIApplicationSupportsIndirectInputEvents = YES;
				INFOPLIST_KEY_UILaunchScreen_Generation = YES;
				INFOPLIST_KEY_UISupportedInterfaceOrientations_iPad = "UIInterfaceOrientationPortrait UIInterfaceOrientationPortraitUpsideDown UIInterfaceOrientationLandscapeLeft UIInterfaceOrientationLandscapeRight";
				INFOPLIST_KEY_UISupportedInterfaceOrientations_iPhone = "UIInterfaceOrientationPortrait UIInterfaceOrientationLandscapeLeft UIInterfaceOrientationLandscapeRight";
				IPHONEOS_DEPLOYMENT_TARGET = 16.0;
				LD_RUNPATH_SEARCH_PATHS = (
					"$(inherited)",
					"@executable_path/Frameworks",
				);
				MARKETING_VERSION = 1.0;
				PRODUCT_BUNDLE_IDENTIFIER = ru.Nav3108;
				PRODUCT_NAME = "$(TARGET_NAME)";
				SUPPORTED_PLATFORMS = "iphoneos iphonesimulator";
				SUPPORTS_MACCATALYST = NO;
				SUPPORTS_MAC_DESIGNED_FOR_IPHONE_IPAD = NO;
				SWIFT_EMIT_LOC_STRINGS = YES;
				SWIFT_VERSION = 5.0;
				TARGETED_DEVICE_FAMILY = 1;
			};
			name = Release;
		};
/* End XCBuildConfiguration section */

/* Begin XCConfigurationList section */
		E6F4132D2AA1084E003CE028 /* Build configuration list for PBXProject "Nav3108" */ = {
			isa = XCConfigurationList;
			buildConfigurations = (
				E6F4133E2AA10850003CE028 /* Debug */,
				E6F4133F2AA10850003CE028 /* Release */,
			);
			defaultConfigurationIsVisible = 0;
			defaultConfigurationName = Release;
		};
		E6F413402AA10850003CE028 /* Build configuration list for PBXNativeTarget "Nav3108" */ = {
			isa = XCConfigurationList;
			buildConfigurations = (
				E6F413412AA10850003CE028 /* Debug */,
				E6F413422AA10850003CE028 /* Release */,
			);
			defaultConfigurationIsVisible = 0;
			defaultConfigurationName = Release;
		};
/* End XCConfigurationList section */

/* Begin XCSwiftPackageProductDependency section */
		E63D68B82AAB647000993ACF /* NewsApiNetworking */ = {
			isa = XCSwiftPackageProductDependency;
			productName = NewsApiNetworking;
		};
/* End XCSwiftPackageProductDependency section */
	};
	rootObject = E6F4132A2AA1084E003CE028 /* Project object */;
}
